// !$*UTF8*$!
{
	archiveVersion = 1;
	classes = {
	};
	objectVersion = 55;
	objects = {

/* Begin PBXBuildFile section */
		7F0BF83128860FBB00F0D08A /* AppDelegate.swift in Sources */ = {isa = PBXBuildFile; fileRef = 7F0BF83028860FBB00F0D08A /* AppDelegate.swift */; };
		7F0BF83328860FBB00F0D08A /* SceneDelegate.swift in Sources */ = {isa = PBXBuildFile; fileRef = 7F0BF83228860FBB00F0D08A /* SceneDelegate.swift */; };
		7F0BF83528860FBB00F0D08A /* ViewController.swift in Sources */ = {isa = PBXBuildFile; fileRef = 7F0BF83428860FBB00F0D08A /* ViewController.swift */; };
		7F0BF83828860FBB00F0D08A /* Main.storyboard in Resources */ = {isa = PBXBuildFile; fileRef = 7F0BF83628860FBB00F0D08A /* Main.storyboard */; };
		7F0BF83B28860FBB00F0D08A /* Note.xcdatamodeld in Sources */ = {isa = PBXBuildFile; fileRef = 7F0BF83928860FBB00F0D08A /* Note.xcdatamodeld */; };
		7F0BF83D28860FBC00F0D08A /* Assets.xcassets in Resources */ = {isa = PBXBuildFile; fileRef = 7F0BF83C28860FBC00F0D08A /* Assets.xcassets */; };
		7F0BF84028860FBC00F0D08A /* LaunchScreen.storyboard in Resources */ = {isa = PBXBuildFile; fileRef = 7F0BF83E28860FBC00F0D08A /* LaunchScreen.storyboard */; };
		7F0BF84B28860FBD00F0D08A /* NoteTests.swift in Sources */ = {isa = PBXBuildFile; fileRef = 7F0BF84A28860FBD00F0D08A /* NoteTests.swift */; };
		7F0BF85528860FBD00F0D08A /* NoteUITests.swift in Sources */ = {isa = PBXBuildFile; fileRef = 7F0BF85428860FBD00F0D08A /* NoteUITests.swift */; };
		7F0BF85728860FBD00F0D08A /* NoteUITestsLaunchTests.swift in Sources */ = {isa = PBXBuildFile; fileRef = 7F0BF85628860FBD00F0D08A /* NoteUITestsLaunchTests.swift */; };
/* End PBXBuildFile section */

/* Begin PBXContainerItemProxy section */
		7F0BF84728860FBD00F0D08A /* PBXContainerItemProxy */ = {
			isa = PBXContainerItemProxy;
			containerPortal = 7F0BF82528860FBB00F0D08A /* Project object */;
			proxyType = 1;
			remoteGlobalIDString = 7F0BF82C28860FBB00F0D08A;
			remoteInfo = Note;
		};
		7F0BF85128860FBD00F0D08A /* PBXContainerItemProxy */ = {
			isa = PBXContainerItemProxy;
			containerPortal = 7F0BF82528860FBB00F0D08A /* Project object */;
			proxyType = 1;
			remoteGlobalIDString = 7F0BF82C28860FBB00F0D08A;
			remoteInfo = Note;
		};
/* End PBXContainerItemProxy section */

/* Begin PBXFileReference section */
		7F0BF82D28860FBB00F0D08A /* Note.app */ = {isa = PBXFileReference; explicitFileType = wrapper.application; includeInIndex = 0; path = Note.app; sourceTree = BUILT_PRODUCTS_DIR; };
		7F0BF83028860FBB00F0D08A /* AppDelegate.swift */ = {isa = PBXFileReference; lastKnownFileType = sourcecode.swift; path = AppDelegate.swift; sourceTree = "<group>"; };
		7F0BF83228860FBB00F0D08A /* SceneDelegate.swift */ = {isa = PBXFileReference; lastKnownFileType = sourcecode.swift; path = SceneDelegate.swift; sourceTree = "<group>"; };
		7F0BF83428860FBB00F0D08A /* ViewController.swift */ = {isa = PBXFileReference; lastKnownFileType = sourcecode.swift; path = ViewController.swift; sourceTree = "<group>"; };
		7F0BF83728860FBB00F0D08A /* Base */ = {isa = PBXFileReference; lastKnownFileType = file.storyboard; name = Base; path = Base.lproj/Main.storyboard; sourceTree = "<group>"; };
		7F0BF83A28860FBB00F0D08A /* Note.xcdatamodel */ = {isa = PBXFileReference; lastKnownFileType = wrapper.xcdatamodel; path = Note.xcdatamodel; sourceTree = "<group>"; };
		7F0BF83C28860FBC00F0D08A /* Assets.xcassets */ = {isa = PBXFileReference; lastKnownFileType = folder.assetcatalog; path = Assets.xcassets; sourceTree = "<group>"; };
		7F0BF83F28860FBC00F0D08A /* Base */ = {isa = PBXFileReference; lastKnownFileType = file.storyboard; name = Base; path = Base.lproj/LaunchScreen.storyboard; sourceTree = "<group>"; };
		7F0BF84128860FBC00F0D08A /* Info.plist */ = {isa = PBXFileReference; lastKnownFileType = text.plist.xml; path = Info.plist; sourceTree = "<group>"; };
		7F0BF84628860FBD00F0D08A /* NoteTests.xctest */ = {isa = PBXFileReference; explicitFileType = wrapper.cfbundle; includeInIndex = 0; path = NoteTests.xctest; sourceTree = BUILT_PRODUCTS_DIR; };
		7F0BF84A28860FBD00F0D08A /* NoteTests.swift */ = {isa = PBXFileReference; lastKnownFileType = sourcecode.swift; path = NoteTests.swift; sourceTree = "<group>"; };
		7F0BF85028860FBD00F0D08A /* NoteUITests.xctest */ = {isa = PBXFileReference; explicitFileType = wrapper.cfbundle; includeInIndex = 0; path = NoteUITests.xctest; sourceTree = BUILT_PRODUCTS_DIR; };
		7F0BF85428860FBD00F0D08A /* NoteUITests.swift */ = {isa = PBXFileReference; lastKnownFileType = sourcecode.swift; path = NoteUITests.swift; sourceTree = "<group>"; };
		7F0BF85628860FBD00F0D08A /* NoteUITestsLaunchTests.swift */ = {isa = PBXFileReference; lastKnownFileType = sourcecode.swift; path = NoteUITestsLaunchTests.swift; sourceTree = "<group>"; };
/* End PBXFileReference section */

/* Begin PBXFrameworksBuildPhase section */
		7F0BF82A28860FBB00F0D08A /* Frameworks */ = {
			isa = PBXFrameworksBuildPhase;
			buildActionMask = 2147483647;
			files = (
			);
			runOnlyForDeploymentPostprocessing = 0;
		};
		7F0BF84328860FBD00F0D08A /* Frameworks */ = {
			isa = PBXFrameworksBuildPhase;
			buildActionMask = 2147483647;
			files = (
			);
			runOnlyForDeploymentPostprocessing = 0;
		};
		7F0BF84D28860FBD00F0D08A /* Frameworks */ = {
			isa = PBXFrameworksBuildPhase;
			buildActionMask = 2147483647;
			files = (
			);
			runOnlyForDeploymentPostprocessing = 0;
		};
/* End PBXFrameworksBuildPhase section */

/* Begin PBXGroup section */
		7F0BF82428860FBB00F0D08A = {
			isa = PBXGroup;
			children = (
				7F0BF82F28860FBB00F0D08A /* Note */,
				7F0BF84928860FBD00F0D08A /* NoteTests */,
				7F0BF85328860FBD00F0D08A /* NoteUITests */,
				7F0BF82E28860FBB00F0D08A /* Products */,
			);
			sourceTree = "<group>";
		};
		7F0BF82E28860FBB00F0D08A /* Products */ = {
			isa = PBXGroup;
			children = (
				7F0BF82D28860FBB00F0D08A /* Note.app */,
				7F0BF84628860FBD00F0D08A /* NoteTests.xctest */,
				7F0BF85028860FBD00F0D08A /* NoteUITests.xctest */,
			);
			name = Products;
			sourceTree = "<group>";
		};
		7F0BF82F28860FBB00F0D08A /* Note */ = {
			isa = PBXGroup;
			children = (
				7F0BF83028860FBB00F0D08A /* AppDelegate.swift */,
				7F0BF83228860FBB00F0D08A /* SceneDelegate.swift */,
				7F0BF83428860FBB00F0D08A /* ViewController.swift */,
				7F0BF83628860FBB00F0D08A /* Main.storyboard */,
				7F0BF83C28860FBC00F0D08A /* Assets.xcassets */,
				7F0BF83E28860FBC00F0D08A /* LaunchScreen.storyboard */,
				7F0BF84128860FBC00F0D08A /* Info.plist */,
				7F0BF83928860FBB00F0D08A /* Note.xcdatamodeld */,
			);
			path = Note;
			sourceTree = "<group>";
		};
		7F0BF84928860FBD00F0D08A /* NoteTests */ = {
			isa = PBXGroup;
			children = (
				7F0BF84A28860FBD00F0D08A /* NoteTests.swift */,
			);
			path = NoteTests;
			sourceTree = "<group>";
		};
		7F0BF85328860FBD00F0D08A /* NoteUITests */ = {
			isa = PBXGroup;
			children = (
				7F0BF85428860FBD00F0D08A /* NoteUITests.swift */,
				7F0BF85628860FBD00F0D08A /* NoteUITestsLaunchTests.swift */,
			);
			path = NoteUITests;
			sourceTree = "<group>";
		};
/* End PBXGroup section */

/* Begin PBXNativeTarget section */
		7F0BF82C28860FBB00F0D08A /* Note */ = {
			isa = PBXNativeTarget;
			buildConfigurationList = 7F0BF85A28860FBD00F0D08A /* Build configuration list for PBXNativeTarget "Note" */;
			buildPhases = (
				7F0BF82928860FBB00F0D08A /* Sources */,
				7F0BF82A28860FBB00F0D08A /* Frameworks */,
				7F0BF82B28860FBB00F0D08A /* Resources */,
			);
			buildRules = (
			);
			dependencies = (
			);
			name = Note;
			productName = Note;
			productReference = 7F0BF82D28860FBB00F0D08A /* Note.app */;
			productType = "com.apple.product-type.application";
		};
		7F0BF84528860FBD00F0D08A /* NoteTests */ = {
			isa = PBXNativeTarget;
			buildConfigurationList = 7F0BF85D28860FBD00F0D08A /* Build configuration list for PBXNativeTarget "NoteTests" */;
			buildPhases = (
				7F0BF84228860FBD00F0D08A /* Sources */,
				7F0BF84328860FBD00F0D08A /* Frameworks */,
				7F0BF84428860FBD00F0D08A /* Resources */,
			);
			buildRules = (
			);
			dependencies = (
				7F0BF84828860FBD00F0D08A /* PBXTargetDependency */,
			);
			name = NoteTests;
			productName = NoteTests;
			productReference = 7F0BF84628860FBD00F0D08A /* NoteTests.xctest */;
			productType = "com.apple.product-type.bundle.unit-test";
		};
		7F0BF84F28860FBD00F0D08A /* NoteUITests */ = {
			isa = PBXNativeTarget;
			buildConfigurationList = 7F0BF86028860FBD00F0D08A /* Build configuration list for PBXNativeTarget "NoteUITests" */;
			buildPhases = (
				7F0BF84C28860FBD00F0D08A /* Sources */,
				7F0BF84D28860FBD00F0D08A /* Frameworks */,
				7F0BF84E28860FBD00F0D08A /* Resources */,
			);
			buildRules = (
			);
			dependencies = (
				7F0BF85228860FBD00F0D08A /* PBXTargetDependency */,
			);
			name = NoteUITests;
			productName = NoteUITests;
			productReference = 7F0BF85028860FBD00F0D08A /* NoteUITests.xctest */;
			productType = "com.apple.product-type.bundle.ui-testing";
		};
/* End PBXNativeTarget section */

/* Begin PBXProject section */
		7F0BF82528860FBB00F0D08A /* Project object */ = {
			isa = PBXProject;
			attributes = {
				BuildIndependentTargetsInParallel = 1;
				LastSwiftUpdateCheck = 1320;
				LastUpgradeCheck = 1320;
				TargetAttributes = {
					7F0BF82C28860FBB00F0D08A = {
						CreatedOnToolsVersion = 13.2.1;
					};
					7F0BF84528860FBD00F0D08A = {
						CreatedOnToolsVersion = 13.2.1;
						TestTargetID = 7F0BF82C28860FBB00F0D08A;
					};
					7F0BF84F28860FBD00F0D08A = {
						CreatedOnToolsVersion = 13.2.1;
						TestTargetID = 7F0BF82C28860FBB00F0D08A;
					};
				};
			};
			buildConfigurationList = 7F0BF82828860FBB00F0D08A /* Build configuration list for PBXProject "Note" */;
			compatibilityVersion = "Xcode 13.0";
			developmentRegion = en;
			hasScannedForEncodings = 0;
			knownRegions = (
				en,
				Base,
			);
			mainGroup = 7F0BF82428860FBB00F0D08A;
			productRefGroup = 7F0BF82E28860FBB00F0D08A /* Products */;
			projectDirPath = "";
			projectRoot = "";
			targets = (
				7F0BF82C28860FBB00F0D08A /* Note */,
				7F0BF84528860FBD00F0D08A /* NoteTests */,
				7F0BF84F28860FBD00F0D08A /* NoteUITests */,
			);
		};
/* End PBXProject section */

/* Begin PBXResourcesBuildPhase section */
		7F0BF82B28860FBB00F0D08A /* Resources */ = {
			isa = PBXResourcesBuildPhase;
			buildActionMask = 2147483647;
			files = (
				7F0BF84028860FBC00F0D08A /* LaunchScreen.storyboard in Resources */,
				7F0BF83D28860FBC00F0D08A /* Assets.xcassets in Resources */,
				7F0BF83828860FBB00F0D08A /* Main.storyboard in Resources */,
			);
			runOnlyForDeploymentPostprocessing = 0;
		};
		7F0BF84428860FBD00F0D08A /* Resources */ = {
			isa = PBXResourcesBuildPhase;
			buildActionMask = 2147483647;
			files = (
			);
			runOnlyForDeploymentPostprocessing = 0;
		};
		7F0BF84E28860FBD00F0D08A /* Resources */ = {
			isa = PBXResourcesBuildPhase;
			buildActionMask = 2147483647;
			files = (
			);
			runOnlyForDeploymentPostprocessing = 0;
		};
/* End PBXResourcesBuildPhase section */

/* Begin PBXSourcesBuildPhase section */
		7F0BF82928860FBB00F0D08A /* Sources */ = {
			isa = PBXSourcesBuildPhase;
			buildActionMask = 2147483647;
			files = (
				7F0BF83528860FBB00F0D08A /* ViewController.swift in Sources */,
				7F0BF83128860FBB00F0D08A /* AppDelegate.swift in Sources */,
				7F0BF83328860FBB00F0D08A /* SceneDelegate.swift in Sources */,
				7F0BF83B28860FBB00F0D08A /* Note.xcdatamodeld in Sources */,
			);
			runOnlyForDeploymentPostprocessing = 0;
		};
		7F0BF84228860FBD00F0D08A /* Sources */ = {
			isa = PBXSourcesBuildPhase;
			buildActionMask = 2147483647;
			files = (
				7F0BF84B28860FBD00F0D08A /* NoteTests.swift in Sources */,
			);
			runOnlyForDeploymentPostprocessing = 0;
		};
		7F0BF84C28860FBD00F0D08A /* Sources */ = {
			isa = PBXSourcesBuildPhase;
			buildActionMask = 2147483647;
			files = (
				7F0BF85728860FBD00F0D08A /* NoteUITestsLaunchTests.swift in Sources */,
				7F0BF85528860FBD00F0D08A /* NoteUITests.swift in Sources */,
			);
			runOnlyForDeploymentPostprocessing = 0;
		};
/* End PBXSourcesBuildPhase section */

/* Begin PBXTargetDependency section */
		7F0BF84828860FBD00F0D08A /* PBXTargetDependency */ = {
			isa = PBXTargetDependency;
			target = 7F0BF82C28860FBB00F0D08A /* Note */;
			targetProxy = 7F0BF84728860FBD00F0D08A /* PBXContainerItemProxy */;
		};
		7F0BF85228860FBD00F0D08A /* PBXTargetDependency */ = {
			isa = PBXTargetDependency;
			target = 7F0BF82C28860FBB00F0D08A /* Note */;
			targetProxy = 7F0BF85128860FBD00F0D08A /* PBXContainerItemProxy */;
		};
/* End PBXTargetDependency section */

/* Begin PBXVariantGroup section */
		7F0BF83628860FBB00F0D08A /* Main.storyboard */ = {
			isa = PBXVariantGroup;
			children = (
				7F0BF83728860FBB00F0D08A /* Base */,
			);
			name = Main.storyboard;
			sourceTree = "<group>";
		};
		7F0BF83E28860FBC00F0D08A /* LaunchScreen.storyboard */ = {
			isa = PBXVariantGroup;
			children = (
				7F0BF83F28860FBC00F0D08A /* Base */,
			);
			name = LaunchScreen.storyboard;
			sourceTree = "<group>";
		};
/* End PBXVariantGroup section */

/* Begin XCBuildConfiguration section */
		7F0BF85828860FBD00F0D08A /* Debug */ = {
			isa = XCBuildConfiguration;
			buildSettings = {
				ALWAYS_SEARCH_USER_PATHS = NO;
				CLANG_ANALYZER_NONNULL = YES;
				CLANG_ANALYZER_NUMBER_OBJECT_CONVERSION = YES_AGGRESSIVE;
				CLANG_CXX_LANGUAGE_STANDARD = "gnu++17";
				CLANG_CXX_LIBRARY = "libc++";
				CLANG_ENABLE_MODULES = YES;
				CLANG_ENABLE_OBJC_ARC = YES;
				CLANG_ENABLE_OBJC_WEAK = YES;
				CLANG_WARN_BLOCK_CAPTURE_AUTORELEASING = YES;
				CLANG_WARN_BOOL_CONVERSION = YES;
				CLANG_WARN_COMMA = YES;
				CLANG_WARN_CONSTANT_CONVERSION = YES;
				CLANG_WARN_DEPRECATED_OBJC_IMPLEMENTATIONS = YES;
				CLANG_WARN_DIRECT_OBJC_ISA_USAGE = YES_ERROR;
				CLANG_WARN_DOCUMENTATION_COMMENTS = YES;
				CLANG_WARN_EMPTY_BODY = YES;
				CLANG_WARN_ENUM_CONVERSION = YES;
				CLANG_WARN_INFINITE_RECURSION = YES;
				CLANG_WARN_INT_CONVERSION = YES;
				CLANG_WARN_NON_LITERAL_NULL_CONVERSION = YES;
				CLANG_WARN_OBJC_IMPLICIT_RETAIN_SELF = YES;
				CLANG_WARN_OBJC_LITERAL_CONVERSION = YES;
				CLANG_WARN_OBJC_ROOT_CLASS = YES_ERROR;
				CLANG_WARN_QUOTED_INCLUDE_IN_FRAMEWORK_HEADER = YES;
				CLANG_WARN_RANGE_LOOP_ANALYSIS = YES;
				CLANG_WARN_STRICT_PROTOTYPES = YES;
				CLANG_WARN_SUSPICIOUS_MOVE = YES;
				CLANG_WARN_UNGUARDED_AVAILABILITY = YES_AGGRESSIVE;
				CLANG_WARN_UNREACHABLE_CODE = YES;
				CLANG_WARN__DUPLICATE_METHOD_MATCH = YES;
				COPY_PHASE_STRIP = NO;
				DEBUG_INFORMATION_FORMAT = dwarf;
				ENABLE_STRICT_OBJC_MSGSEND = YES;
				ENABLE_TESTABILITY = YES;
				GCC_C_LANGUAGE_STANDARD = gnu11;
				GCC_DYNAMIC_NO_PIC = NO;
				GCC_NO_COMMON_BLOCKS = YES;
				GCC_OPTIMIZATION_LEVEL = 0;
				GCC_PREPROCESSOR_DEFINITIONS = (
					"DEBUG=1",
					"$(inherited)",
				);
				GCC_WARN_64_TO_32_BIT_CONVERSION = YES;
				GCC_WARN_ABOUT_RETURN_TYPE = YES_ERROR;
				GCC_WARN_UNDECLARED_SELECTOR = YES;
				GCC_WARN_UNINITIALIZED_AUTOS = YES_AGGRESSIVE;
				GCC_WARN_UNUSED_FUNCTION = YES;
				GCC_WARN_UNUSED_VARIABLE = YES;
				IPHONEOS_DEPLOYMENT_TARGET = 15.2;
				MTL_ENABLE_DEBUG_INFO = INCLUDE_SOURCE;
				MTL_FAST_MATH = YES;
				ONLY_ACTIVE_ARCH = YES;
				SDKROOT = iphoneos;
				SWIFT_ACTIVE_COMPILATION_CONDITIONS = DEBUG;
				SWIFT_OPTIMIZATION_LEVEL = "-Onone";
			};
			name = Debug;
		};
		7F0BF85928860FBD00F0D08A /* Release */ = {
			isa = XCBuildConfiguration;
			buildSettings = {
				ALWAYS_SEARCH_USER_PATHS = NO;
				CLANG_ANALYZER_NONNULL = YES;
				CLANG_ANALYZER_NUMBER_OBJECT_CONVERSION = YES_AGGRESSIVE;
				CLANG_CXX_LANGUAGE_STANDARD = "gnu++17";
				CLANG_CXX_LIBRARY = "libc++";
				CLANG_ENABLE_MODULES = YES;
				CLANG_ENABLE_OBJC_ARC = YES;
				CLANG_ENABLE_OBJC_WEAK = YES;
				CLANG_WARN_BLOCK_CAPTURE_AUTORELEASING = YES;
				CLANG_WARN_BOOL_CONVERSION = YES;
				CLANG_WARN_COMMA = YES;
				CLANG_WARN_CONSTANT_CONVERSION = YES;
				CLANG_WARN_DEPRECATED_OBJC_IMPLEMENTATIONS = YES;
				CLANG_WARN_DIRECT_OBJC_ISA_USAGE = YES_ERROR;
				CLANG_WARN_DOCUMENTATION_COMMENTS = YES;
				CLANG_WARN_EMPTY_BODY = YES;
				CLANG_WARN_ENUM_CONVERSION = YES;
				CLANG_WARN_INFINITE_RECURSION = YES;
				CLANG_WARN_INT_CONVERSION = YES;
				CLANG_WARN_NON_LITERAL_NULL_CONVERSION = YES;
				CLANG_WARN_OBJC_IMPLICIT_RETAIN_SELF = YES;
				CLANG_WARN_OBJC_LITERAL_CONVERSION = YES;
				CLANG_WARN_OBJC_ROOT_CLASS = YES_ERROR;
				CLANG_WARN_QUOTED_INCLUDE_IN_FRAMEWORK_HEADER = YES;
				CLANG_WARN_RANGE_LOOP_ANALYSIS = YES;
				CLANG_WARN_STRICT_PROTOTYPES = YES;
				CLANG_WARN_SUSPICIOUS_MOVE = YES;
				CLANG_WARN_UNGUARDED_AVAILABILITY = YES_AGGRESSIVE;
				CLANG_WARN_UNREACHABLE_CODE = YES;
				CLANG_WARN__DUPLICATE_METHOD_MATCH = YES;
				COPY_PHASE_STRIP = NO;
				DEBUG_INFORMATION_FORMAT = "dwarf-with-dsym";
				ENABLE_NS_ASSERTIONS = NO;
				ENABLE_STRICT_OBJC_MSGSEND = YES;
				GCC_C_LANGUAGE_STANDARD = gnu11;
				GCC_NO_COMMON_BLOCKS = YES;
				GCC_WARN_64_TO_32_BIT_CONVERSION = YES;
				GCC_WARN_ABOUT_RETURN_TYPE = YES_ERROR;
				GCC_WARN_UNDECLARED_SELECTOR = YES;
				GCC_WARN_UNINITIALIZED_AUTOS = YES_AGGRESSIVE;
				GCC_WARN_UNUSED_FUNCTION = YES;
				GCC_WARN_UNUSED_VARIABLE = YES;
				IPHONEOS_DEPLOYMENT_TARGET = 15.2;
				MTL_ENABLE_DEBUG_INFO = NO;
				MTL_FAST_MATH = YES;
				SDKROOT = iphoneos;
				SWIFT_COMPILATION_MODE = wholemodule;
				SWIFT_OPTIMIZATION_LEVEL = "-O";
				VALIDATE_PRODUCT = YES;
			};
			name = Release;
		};
		7F0BF85B28860FBD00F0D08A /* Debug */ = {
			isa = XCBuildConfiguration;
			buildSettings = {
				ASSETCATALOG_COMPILER_APPICON_NAME = AppIcon;
				ASSETCATALOG_COMPILER_GLOBAL_ACCENT_COLOR_NAME = AccentColor;
				CODE_SIGN_STYLE = Automatic;
				CURRENT_PROJECT_VERSION = 1;
				DEVELOPMENT_TEAM = 475V82HT95;
				GENERATE_INFOPLIST_FILE = YES;
				INFOPLIST_FILE = Note/Info.plist;
				INFOPLIST_KEY_UIApplicationSupportsIndirectInputEvents = YES;
				INFOPLIST_KEY_UILaunchStoryboardName = LaunchScreen;
				INFOPLIST_KEY_UIMainStoryboardFile = Main;
				INFOPLIST_KEY_UISupportedInterfaceOrientations_iPad = "UIInterfaceOrientationPortrait UIInterfaceOrientationPortraitUpsideDown UIInterfaceOrientationLandscapeLeft UIInterfaceOrientationLandscapeRight";
				INFOPLIST_KEY_UISupportedInterfaceOrientations_iPhone = "UIInterfaceOrientationPortrait UIInterfaceOrientationLandscapeLeft UIInterfaceOrientationLandscapeRight";
				LD_RUNPATH_SEARCH_PATHS = (
					"$(inherited)",
					"@executable_path/Frameworks",
				);
				MARKETING_VERSION = 1.0;
				PRODUCT_BUNDLE_IDENTIFIER = "abdalazem-saleh.Note";
				PRODUCT_NAME = "$(TARGET_NAME)";
				SWIFT_EMIT_LOC_STRINGS = YES;
				SWIFT_VERSION = 5.0;
				TARGETED_DEVICE_FAMILY = "1,2";
			};
			name = Debug;
		};
		7F0BF85C28860FBD00F0D08A /* Release */ = {
			isa = XCBuildConfiguration;
			buildSettings = {
				ASSETCATALOG_COMPILER_APPICON_NAME = AppIcon;
				ASSETCATALOG_COMPILER_GLOBAL_ACCENT_COLOR_NAME = AccentColor;
				CODE_SIGN_STYLE = Automatic;
				CURRENT_PROJECT_VERSION = 1;
				DEVELOPMENT_TEAM = 475V82HT95;
				GENERATE_INFOPLIST_FILE = YES;
				INFOPLIST_FILE = Note/Info.plist;
				INFOPLIST_KEY_UIApplicationSupportsIndirectInputEvents = YES;
				INFOPLIST_KEY_UILaunchStoryboardName = LaunchScreen;
				INFOPLIST_KEY_UIMainStoryboardFile = Main;
				INFOPLIST_KEY_UISupportedInterfaceOrientations_iPad = "UIInterfaceOrientationPortrait UIInterfaceOrientationPortraitUpsideDown UIInterfaceOrientationLandscapeLeft UIInterfaceOrientationLandscapeRight";
				INFOPLIST_KEY_UISupportedInterfaceOrientations_iPhone = "UIInterfaceOrientationPortrait UIInterfaceOrientationLandscapeLeft UIInterfaceOrientationLandscapeRight";
				LD_RUNPATH_SEARCH_PATHS = (
					"$(inherited)",
					"@executable_path/Frameworks",
				);
				MARKETING_VERSION = 1.0;
				PRODUCT_BUNDLE_IDENTIFIER = "abdalazem-saleh.Note";
				PRODUCT_NAME = "$(TARGET_NAME)";
				SWIFT_EMIT_LOC_STRINGS = YES;
				SWIFT_VERSION = 5.0;
				TARGETED_DEVICE_FAMILY = "1,2";
			};
			name = Release;
		};
		7F0BF85E28860FBD00F0D08A /* Debug */ = {
			isa = XCBuildConfiguration;
			buildSettings = {
				ALWAYS_EMBED_SWIFT_STANDARD_LIBRARIES = YES;
				BUNDLE_LOADER = "$(TEST_HOST)";
				CODE_SIGN_STYLE = Automatic;
				CURRENT_PROJECT_VERSION = 1;
				DEVELOPMENT_TEAM = 475V82HT95;
				GENERATE_INFOPLIST_FILE = YES;
				IPHONEOS_DEPLOYMENT_TARGET = 15.2;
				MARKETING_VERSION = 1.0;
				PRODUCT_BUNDLE_IDENTIFIER = "abdalazem-saleh.NoteTests";
				PRODUCT_NAME = "$(TARGET_NAME)";
				SWIFT_EMIT_LOC_STRINGS = NO;
				SWIFT_VERSION = 5.0;
				TARGETED_DEVICE_FAMILY = "1,2";
				TEST_HOST = "$(BUILT_PRODUCTS_DIR)/Note.app/Note";
			};
			name = Debug;
		};
		7F0BF85F28860FBD00F0D08A /* Release */ = {
			isa = XCBuildConfiguration;
			buildSettings = {
				ALWAYS_EMBED_SWIFT_STANDARD_LIBRARIES = YES;
				BUNDLE_LOADER = "$(TEST_HOST)";
				CODE_SIGN_STYLE = Automatic;
				CURRENT_PROJECT_VERSION = 1;
				DEVELOPMENT_TEAM = 475V82HT95;
				GENERATE_INFOPLIST_FILE = YES;
				IPHONEOS_DEPLOYMENT_TARGET = 15.2;
				MARKETING_VERSION = 1.0;
				PRODUCT_BUNDLE_IDENTIFIER = "abdalazem-saleh.NoteTests";
				PRODUCT_NAME = "$(TARGET_NAME)";
				SWIFT_EMIT_LOC_STRINGS = NO;
				SWIFT_VERSION = 5.0;
				TARGETED_DEVICE_FAMILY = "1,2";
				TEST_HOST = "$(BUILT_PRODUCTS_DIR)/Note.app/Note";
			};
			name = Release;
		};
		7F0BF86128860FBD00F0D08A /* Debug */ = {
			isa = XCBuildConfiguration;
			buildSettings = {
				ALWAYS_EMBED_SWIFT_STANDARD_LIBRARIES = YES;
				CODE_SIGN_STYLE = Automatic;
				CURRENT_PROJECT_VERSION = 1;
				DEVELOPMENT_TEAM = 475V82HT95;
				GENERATE_INFOPLIST_FILE = YES;
				MARKETING_VERSION = 1.0;
				PRODUCT_BUNDLE_IDENTIFIER = "abdalazem-saleh.NoteUITests";
				PRODUCT_NAME = "$(TARGET_NAME)";
				SWIFT_EMIT_LOC_STRINGS = NO;
				SWIFT_VERSION = 5.0;
				TARGETED_DEVICE_FAMILY = "1,2";
				TEST_TARGET_NAME = Note;
			};
			name = Debug;
		};
		7F0BF86228860FBD00F0D08A /* Release */ = {
			isa = XCBuildConfiguration;
			buildSettings = {
				ALWAYS_EMBED_SWIFT_STANDARD_LIBRARIES = YES;
				CODE_SIGN_STYLE = Automatic;
				CURRENT_PROJECT_VERSION = 1;
				DEVELOPMENT_TEAM = 475V82HT95;
				GENERATE_INFOPLIST_FILE = YES;
				MARKETING_VERSION = 1.0;
				PRODUCT_BUNDLE_IDENTIFIER = "abdalazem-saleh.NoteUITests";
				PRODUCT_NAME = "$(TARGET_NAME)";
				SWIFT_EMIT_LOC_STRINGS = NO;
				SWIFT_VERSION = 5.0;
				TARGETED_DEVICE_FAMILY = "1,2";
				TEST_TARGET_NAME = Note;
			};
			name = Release;
		};
/* End XCBuildConfiguration section */

/* Begin XCConfigurationList section */
		7F0BF82828860FBB00F0D08A /* Build configuration list for PBXProject "Note" */ = {
			isa = XCConfigurationList;
			buildConfigurations = (
				7F0BF85828860FBD00F0D08A /* Debug */,
				7F0BF85928860FBD00F0D08A /* Release */,
			);
			defaultConfigurationIsVisible = 0;
			defaultConfigurationName = Release;
		};
		7F0BF85A28860FBD00F0D08A /* Build configuration list for PBXNativeTarget "Note" */ = {
			isa = XCConfigurationList;
			buildConfigurations = (
				7F0BF85B28860FBD00F0D08A /* Debug */,
				7F0BF85C28860FBD00F0D08A /* Release */,
			);
			defaultConfigurationIsVisible = 0;
			defaultConfigurationName = Release;
		};
		7F0BF85D28860FBD00F0D08A /* Build configuration list for PBXNativeTarget "NoteTests" */ = {
			isa = XCConfigurationList;
			buildConfigurations = (
				7F0BF85E28860FBD00F0D08A /* Debug */,
				7F0BF85F28860FBD00F0D08A /* Release */,
			);
			defaultConfigurationIsVisible = 0;
			defaultConfigurationName = Release;
		};
		7F0BF86028860FBD00F0D08A /* Build configuration list for PBXNativeTarget "NoteUITests" */ = {
			isa = XCConfigurationList;
			buildConfigurations = (
				7F0BF86128860FBD00F0D08A /* Debug */,
				7F0BF86228860FBD00F0D08A /* Release */,
			);
			defaultConfigurationIsVisible = 0;
			defaultConfigurationName = Release;
		};
/* End XCConfigurationList section */

/* Begin XCVersionGroup section */
		7F0BF83928860FBB00F0D08A /* Note.xcdatamodeld */ = {
			isa = XCVersionGroup;
			children = (
				7F0BF83A28860FBB00F0D08A /* Note.xcdatamodel */,
			);
			currentVersion = 7F0BF83A28860FBB00F0D08A /* Note.xcdatamodel */;
			path = Note.xcdatamodeld;
			sourceTree = "<group>";
			versionGroupType = wrapper.xcdatamodel;
		};
/* End XCVersionGroup section */
	};
	rootObject = 7F0BF82528860FBB00F0D08A /* Project object */;
}
